
Microsoft Visual Studio Solution File, Format Version 12.00
# Visual Studio Version 17
VisualStudioVersion = 17.9.34622.214
MinimumVisualStudioVersion = 10.0.40219.1
Project("{FAE04EC0-301F-11D3-BF4B-00C04F79EFBC}") = "Expences.Infraestrocture", "Expences.Infraestrocture\Expences.Infraestrocture.csproj", "{6C0609D3-1867-40E9-A615-48B84F401B95}"
EndProject
Project("{FAE04EC0-301F-11D3-BF4B-00C04F79EFBC}") = "Expences.Domain", "Expences.Domain\Expences.Domain.csproj", "{F5839F44-4E99-4C42-86B2-43C3673D6B6F}"
EndProject
Project("{FAE04EC0-301F-11D3-BF4B-00C04F79EFBC}") = "Expences.Aplication", "Expences.Aplication\Expences.Aplication.csproj", "{0605FA1A-48AC-4535-9C3E-04A8ED8ABBA9}"
EndProject
Project("{FAE04EC0-301F-11D3-BF4B-00C04F79EFBC}") = "Expences.Api", "Expences.Api\Expences.Api.csproj", "{1A417BB5-A012-4FC6-853C-A81D871A9C66}"
EndProject
Global
	GlobalSection(SolutionConfigurationPlatforms) = preSolution
		Debug|Any CPU = Debug|Any CPU
		Release|Any CPU = Release|Any CPU
	EndGlobalSection
	GlobalSection(ProjectConfigurationPlatforms) = postSolution
		{6C0609D3-1867-40E9-A615-48B84F401B95}.Debug|Any CPU.ActiveCfg = Debug|Any CPU
		{6C0609D3-1867-40E9-A615-48B84F401B95}.Debug|Any CPU.Build.0 = Debug|Any CPU
		{6C0609D3-1867-40E9-A615-48B84F401B95}.Release|Any CPU.ActiveCfg = Release|Any CPU
		{6C0609D3-1867-40E9-A615-48B84F401B95}.Release|Any CPU.Build.0 = Release|Any CPU
		{F5839F44-4E99-4C42-86B2-43C3673D6B6F}.Debug|Any CPU.ActiveCfg = Debug|Any CPU
		{F5839F44-4E99-4C42-86B2-43C3673D6B6F}.Debug|Any CPU.Build.0 = Debug|Any CPU
		{F5839F44-4E99-4C42-86B2-43C3673D6B6F}.Release|Any CPU.ActiveCfg = Release|Any CPU
		{F5839F44-4E99-4C42-86B2-43C3673D6B6F}.Release|Any CPU.Build.0 = Release|Any CPU
		{0605FA1A-48AC-4535-9C3E-04A8ED8ABBA9}.Debug|Any CPU.ActiveCfg = Debug|Any CPU
		{0605FA1A-48AC-4535-9C3E-04A8ED8ABBA9}.Debug|Any CPU.Build.0 = Debug|Any CPU
		{0605FA1A-48AC-4535-9C3E-04A8ED8ABBA9}.Release|Any CPU.ActiveCfg = Release|Any CPU
		{0605FA1A-48AC-4535-9C3E-04A8ED8ABBA9}.Release|Any CPU.Build.0 = Release|Any CPU
		{1A417BB5-A012-4FC6-853C-A81D871A9C66}.Debug|Any CPU.ActiveCfg = Debug|Any CPU
		{1A417BB5-A012-4FC6-853C-A81D871A9C66}.Debug|Any CPU.Build.0 = Debug|Any CPU
		{1A417BB5-A012-4FC6-853C-A81D871A9C66}.Release|Any CPU.ActiveCfg = Release|Any CPU
		{1A417BB5-A012-4FC6-853C-A81D871A9C66}.Release|Any CPU.Build.0 = Release|Any CPU
	EndGlobalSection
	GlobalSection(SolutionProperties) = preSolution
		HideSolutionNode = FALSE
	EndGlobalSection
	GlobalSection(ExtensibilityGlobals) = postSolution
		SolutionGuid = {100293C6-5565-4D59-BF1F-62004570AEE3}
	EndGlobalSection
EndGlobal
